
Microsoft Visual Studio Solution File, Format Version 12.00
# Visual Studio Version 17
VisualStudioVersion = 17.3.32721.290
MinimumVisualStudioVersion = 10.0.40219.1
Project("{FAE04EC0-301F-11D3-BF4B-00C04F79EFBC}") = "file-lock-tool", "file-lock-tool.csproj", "{90CA2266-449B-4408-BC25-B9711836F213}"
EndProject
Global
	GlobalSection(SolutionConfigurationPlatforms) = preSolution
		Debug|Any CPU = Debug|Any CPU
		Release|Any CPU = Release|Any CPU
	EndGlobalSection
	GlobalSection(ProjectConfigurationPlatforms) = postSolution
		{90CA2266-449B-4408-BC25-B9711836F213}.Debug|Any CPU.ActiveCfg = Debug|Any CPU
		{90CA2266-449B-4408-BC25-B9711836F213}.Debug|Any CPU.Build.0 = Debug|Any CPU
		{90CA2266-449B-4408-BC25-B9711836F213}.Release|Any CPU.ActiveCfg = Release|Any CPU
		{90CA2266-449B-4408-BC25-B9711836F213}.Release|Any CPU.Build.0 = Release|Any CPU
	EndGlobalSection
	GlobalSection(SolutionProperties) = preSolution
		HideSolutionNode = FALSE
	EndGlobalSection
	GlobalSection(ExtensibilityGlobals) = postSolution
		SolutionGuid = {D5FFA665-B4D2-4573-828F-B41DF8314669}
	EndGlobalSection
EndGlobal
